
Microsoft Visual Studio Solution File, Format Version 12.00
# Visual Studio 15
VisualStudioVersion = 15.0.26730.16
MinimumVisualStudioVersion = 10.0.40219.1
Project("{9A19103F-16F7-4668-BE54-9A1E7A4F7556}") = "IdentityServerQuickStart", "IdentityServerQuickStart\IdentityServerQuickStart.csproj", "{60A6A92E-6987-44EB-90DE-064C744BDA23}"
EndProject
Project("{FAE04EC0-301F-11D3-BF4B-00C04F79EFBC}") = "MyApi", "MyApi\MyApi.csproj", "{B8F299AA-6796-4875-97A0-DA7EEDCB7CBD}"
EndProject
Project("{FAE04EC0-301F-11D3-BF4B-00C04F79EFBC}") = "ConsoleClient", "ConsoleClient\ConsoleClient.csproj", "{1995F519-8C7A-47EC-9B51-3F36949B39C5}"
EndProject
Project("{FAE04EC0-301F-11D3-BF4B-00C04F79EFBC}") = "MvcClient", "MvcClient\MvcClient.csproj", "{FCFE49BA-26E2-4376-A711-EFD342BFCF1D}"
EndProject
Global
	GlobalSection(SolutionConfigurationPlatforms) = preSolution
		Debug|Any CPU = Debug|Any CPU
		Release|Any CPU = Release|Any CPU
	EndGlobalSection
	GlobalSection(ProjectConfigurationPlatforms) = postSolution
		{60A6A92E-6987-44EB-90DE-064C744BDA23}.Debug|Any CPU.ActiveCfg = Debug|Any CPU
		{60A6A92E-6987-44EB-90DE-064C744BDA23}.Debug|Any CPU.Build.0 = Debug|Any CPU
		{60A6A92E-6987-44EB-90DE-064C744BDA23}.Release|Any CPU.ActiveCfg = Release|Any CPU
		{60A6A92E-6987-44EB-90DE-064C744BDA23}.Release|Any CPU.Build.0 = Release|Any CPU
		{B8F299AA-6796-4875-97A0-DA7EEDCB7CBD}.Debug|Any CPU.ActiveCfg = Debug|Any CPU
		{B8F299AA-6796-4875-97A0-DA7EEDCB7CBD}.Debug|Any CPU.Build.0 = Debug|Any CPU
		{B8F299AA-6796-4875-97A0-DA7EEDCB7CBD}.Release|Any CPU.ActiveCfg = Release|Any CPU
		{B8F299AA-6796-4875-97A0-DA7EEDCB7CBD}.Release|Any CPU.Build.0 = Release|Any CPU
		{1995F519-8C7A-47EC-9B51-3F36949B39C5}.Debug|Any CPU.ActiveCfg = Debug|Any CPU
		{1995F519-8C7A-47EC-9B51-3F36949B39C5}.Debug|Any CPU.Build.0 = Debug|Any CPU
		{1995F519-8C7A-47EC-9B51-3F36949B39C5}.Release|Any CPU.ActiveCfg = Release|Any CPU
		{1995F519-8C7A-47EC-9B51-3F36949B39C5}.Release|Any CPU.Build.0 = Release|Any CPU
		{FCFE49BA-26E2-4376-A711-EFD342BFCF1D}.Debug|Any CPU.ActiveCfg = Debug|Any CPU
		{FCFE49BA-26E2-4376-A711-EFD342BFCF1D}.Debug|Any CPU.Build.0 = Debug|Any CPU
		{FCFE49BA-26E2-4376-A711-EFD342BFCF1D}.Release|Any CPU.ActiveCfg = Release|Any CPU
		{FCFE49BA-26E2-4376-A711-EFD342BFCF1D}.Release|Any CPU.Build.0 = Release|Any CPU
	EndGlobalSection
	GlobalSection(SolutionProperties) = preSolution
		HideSolutionNode = FALSE
	EndGlobalSection
	GlobalSection(ExtensibilityGlobals) = postSolution
		SolutionGuid = {964D0CFE-C034-4C66-92C5-53F7B4F1B0B6}
	EndGlobalSection
EndGlobal
